
Microsoft Visual Studio Solution File, Format Version 11.00
# Visual Studio 2010
Project("{FAE04EC0-301F-11D3-BF4B-00C04F79EFBC}") = "Assembly-CSharp-Editor", "Assembly-CSharp-Editor.csproj", "{964f29d4-83f0-09ab-b12f-4b44816179e9}"
EndProject
Project("{FAE04EC0-301F-11D3-BF4B-00C04F79EFBC}") = "Assembly-CSharp", "Assembly-CSharp.csproj", "{175564db-d037-9ae2-60fa-b00d83e08356}"
EndProject
Global
	GlobalSection(SolutionConfigurationPlatforms) = preSolution
		Debug|Any CPU = Debug|Any CPU
	EndGlobalSection
	GlobalSection(ProjectConfigurationPlatforms) = postSolution
		{964f29d4-83f0-09ab-b12f-4b44816179e9}.Debug|Any CPU.ActiveCfg = Debug|Any CPU
		{964f29d4-83f0-09ab-b12f-4b44816179e9}.Debug|Any CPU.Build.0 = Debug|Any CPU
		{175564db-d037-9ae2-60fa-b00d83e08356}.Debug|Any CPU.ActiveCfg = Debug|Any CPU
		{175564db-d037-9ae2-60fa-b00d83e08356}.Debug|Any CPU.Build.0 = Debug|Any CPU
	EndGlobalSection
	GlobalSection(SolutionProperties) = preSolution
		HideSolutionNode = FALSE
	EndGlobalSection
EndGlobal
